<?xml version="1.0" encoding="utf-8"?>
<Project ToolsVersion="4.0" xmlns="http://schemas.microsoft.com/developer/msbuild/2003">
  <ItemGroup>
    <ClCompile Include="action.cpp" />
    <ClCompile Include="animation.cpp" />
    <ClCompile Include="Bat.cpp" />
    <ClCompile Include="boss.cpp" />
    <ClCompile Include="bossScene.cpp" />
    <ClCompile Include="bossState.cpp" />
    <ClCompile Include="button.cpp" />
    <ClCompile Include="cafeScene.cpp" />
    <ClCompile Include="CameraManager.cpp" />
    <ClCompile Include="convenientScene.cpp" />
    <ClCompile Include="devil.cpp" />
    <ClCompile Include="effect.cpp" />
    <ClCompile Include="effectManager.cpp" />
    <ClCompile Include="Enemy.cpp" />
    <ClCompile Include="EnemyManager.cpp" />
    <ClCompile Include="EnemyState.cpp" />
    <ClCompile Include="gameData.cpp" />
    <ClCompile Include="gameNode.cpp" />
    <ClCompile Include="image.cpp" />
    <ClCompile Include="imageManager.cpp" />
    <ClCompile Include="iniDataManager.cpp" />
    <ClCompile Include="keyAniManager.cpp" />
    <ClCompile Include="keyManager.cpp" />
    <ClCompile Include="loadingScene.cpp" />
    <ClCompile Include="Luke.cpp" />
    <ClCompile Include="Malcolm.cpp" />
    <ClCompile Include="Mike.cpp" />
    <ClCompile Include="Object.cpp" />
    <ClCompile Include="ObjectManager.cpp" />
    <ClCompile Include="pch.cpp" />
    <ClCompile Include="player.cpp" />
    <ClCompile Include="playGround.cpp" />
    <ClCompile Include="progressBar.cpp" />
    <ClCompile Include="Ramona.cpp" />
    <ClCompile Include="RenderManager.cpp" />
    <ClCompile Include="restaurantScene.cpp" />
    <ClCompile Include="sceneManager.cpp" />
    <ClCompile Include="SelectScene.cpp" />
    <ClCompile Include="settingScene.cpp" />
    <ClCompile Include="soundManager.cpp" />
    <ClCompile Include="stage1.cpp" />
    <ClCompile Include="State.cpp" />
    <ClCompile Include="sushiScene.cpp" />
    <ClCompile Include="timeManager.cpp" />
    <ClCompile Include="timer.cpp" />
    <ClCompile Include="titleScene.cpp" />
    <ClCompile Include="Trash.cpp" />
    <ClCompile Include="txtData.cpp" />
    <ClCompile Include="UserInterface.cpp" />
    <ClCompile Include="utils.cpp" />
    <ClCompile Include="volumeProgressBar.cpp" />
    <ClCompile Include="WindowsAPI.cpp" />
    <ClCompile Include="sCoin.cpp" />
  </ItemGroup>
  <ItemGroup>
    <ClInclude Include="action.h" />
    <ClInclude Include="animation.h" />
    <ClInclude Include="Bat.h" />
    <ClInclude Include="boss.h" />
    <ClInclude Include="bossScene.h" />
    <ClInclude Include="bossState.h" />
    <ClInclude Include="button.h" />
    <ClInclude Include="cafeScene.h" />
    <ClInclude Include="CameraManager.h" />
    <ClInclude Include="commonMacroFunction.h" />
    <ClInclude Include="convenientScene.h" />
    <ClInclude Include="devil.h" />
    <ClInclude Include="effect.h" />
    <ClInclude Include="effectManager.h" />
    <ClInclude Include="Enemy.h" />
    <ClInclude Include="EnemyManager.h" />
    <ClInclude Include="EnemyState.h" />
    <ClInclude Include="gameData.h" />
    <ClInclude Include="gameNode.h" />
    <ClInclude Include="image.h" />
    <ClInclude Include="imageManager.h" />
    <ClInclude Include="iniDataManager.h" />
    <ClInclude Include="keyAniManager.h" />
    <ClInclude Include="keyManager.h" />
    <ClInclude Include="loadingScene.h" />
    <ClInclude Include="Luke.h" />
    <ClInclude Include="Malcolm.h" />
    <ClInclude Include="Mike.h" />
    <ClInclude Include="Object.h" />
    <ClInclude Include="ObjectManager.h" />
    <ClInclude Include="pch.h" />
    <ClInclude Include="player.h" />
    <ClInclude Include="playGround.h" />
    <ClInclude Include="progressBar.h" />
    <ClInclude Include="Ramona.h" />
    <ClInclude Include="randomFunction.h" />
    <ClInclude Include="RenderManager.h" />
    <ClInclude Include="Resource.h" />
    <ClInclude Include="restaurantScene.h" />
    <ClInclude Include="sceneManager.h" />
    <ClInclude Include="SelectScene.h" />
    <ClInclude Include="settingScene.h" />
    <ClInclude Include="singletonBase.h" />
    <ClInclude Include="soundManager.h" />
    <ClInclude Include="stage1.h" />
    <ClInclude Include="State.h" />
    <ClInclude Include="sushiScene.h" />
    <ClInclude Include="targetver.h" />
    <ClInclude Include="timeManager.h" />
    <ClInclude Include="timer.h" />
    <ClInclude Include="titleScene.h" />
    <ClInclude Include="Trash.h" />
    <ClInclude Include="txtData.h" />
    <ClInclude Include="UserInterface.h" />
    <ClInclude Include="utils.h" />
    <ClInclude Include="volumeProgressBar.h" />
    <ClInclude Include="sCoin.h" />
  </ItemGroup>
  <ItemGroup>
    <ResourceCompile Include="WindowsAPI.rc" />
  </ItemGroup>
  <ItemGroup>
    <Image Include="small.ico" />
    <Image Include="WindowsAPI.ico" />
  </ItemGroup>
</Project>